{
  "name": "bebop",
  "version": "2.0.2",
  "lockfileVersion": 3,
  "requires": true,
  "packages": {
    "": {
      "name": "bebop",
      "version": "2.0.2",
      "license": "Apache-2.0",
      "devDependencies": {
        "@types/node": "^20.2.3"
      }
    },
    "node_modules/@types/node": {
      "version": "20.2.3",
      "resolved": "https://registry.npmjs.org/@types/node/-/node-20.2.3.tgz",
      "integrity": "sha512-pg9d0yC4rVNWQzX8U7xb4olIOFuuVL9za3bzMT2pu2SU0SNEi66i2qrvhE2qt0HvkhuCaWJu7pLNOt/Pj8BIrw==",
      "dev": true
    }
  }
}
