
Microsoft Visual Studio Solution File, Format Version 12.00
# Visual Studio Version 16
VisualStudioVersion = 16.0.30615.102
MinimumVisualStudioVersion = 10.0.40219.1
Project("{9A19103F-16F7-4668-BE54-9A1E7A4F7556}") = "Core", "Core\Core.csproj", "{7AB412CB-1F1F-4449-9D51-A66E200F6248}"
EndProject
Project("{FAE04EC0-301F-11D3-BF4B-00C04F79EFBC}") = "Compiler", "Compiler\Compiler.csproj", "{A509F5AB-5702-49EC-9B7F-09E8F24FC542}"
EndProject
Project("{9A19103F-16F7-4668-BE54-9A1E7A4F7556}") = "Repl", "Repl\Repl.csproj", "{55D1BCCA-9580-4360-8691-959860F1DDDF}"
EndProject
Global
	GlobalSection(SolutionConfigurationPlatforms) = preSolution
		Release|Any CPU = Release|Any CPU
		Debug|Any CPU = Debug|Any CPU
	EndGlobalSection
	GlobalSection(ProjectConfigurationPlatforms) = postSolution
		{7AB412CB-1F1F-4449-9D51-A66E200F6248}.Release|Any CPU.ActiveCfg = Release|Any CPU
		{7AB412CB-1F1F-4449-9D51-A66E200F6248}.Release|Any CPU.Build.0 = Release|Any CPU
		{7AB412CB-1F1F-4449-9D51-A66E200F6248}.Debug|Any CPU.ActiveCfg = Debug|Any CPU
		{7AB412CB-1F1F-4449-9D51-A66E200F6248}.Debug|Any CPU.Build.0 = Debug|Any CPU
		{55D1BCCA-9580-4360-8691-959860F1DDDF}.Release|Any CPU.ActiveCfg = Release|Any CPU
		{55D1BCCA-9580-4360-8691-959860F1DDDF}.Release|Any CPU.Build.0 = Release|Any CPU
		{55D1BCCA-9580-4360-8691-959860F1DDDF}.Debug|Any CPU.ActiveCfg = Debug|Any CPU
		{55D1BCCA-9580-4360-8691-959860F1DDDF}.Debug|Any CPU.Build.0 = Debug|Any CPU
		{A509F5AB-5702-49EC-9B7F-09E8F24FC542}.Release|Any CPU.ActiveCfg = Release|Any CPU
		{A509F5AB-5702-49EC-9B7F-09E8F24FC542}.Release|Any CPU.Build.0 = Release|Any CPU
		{A509F5AB-5702-49EC-9B7F-09E8F24FC542}.Debug|Any CPU.ActiveCfg = Debug|Any CPU
		{A509F5AB-5702-49EC-9B7F-09E8F24FC542}.Debug|Any CPU.Build.0 = Debug|Any CPU
	EndGlobalSection
	GlobalSection(SolutionProperties) = preSolution
		HideSolutionNode = FALSE
	EndGlobalSection
	GlobalSection(ExtensibilityGlobals) = postSolution
		SolutionGuid = {FFCFDD71-B4B2-4DC2-92BA-F62E71DFF5BF}
	EndGlobalSection
	GlobalSection(MonoDevelopProperties) = preSolution
		Policies = $0
		$0.DotNetNamingPolicy = $1
		$1.DirectoryNamespaceAssociation = PrefixedHierarchical
		$0.TextStylePolicy = $2
		$2.inheritsSet = null
		$2.scope = text/x-csharp
		$0.CSharpFormattingPolicy = $3
		$3.scope = text/x-csharp
	EndGlobalSection
EndGlobal
