
Microsoft Visual Studio Solution File, Format Version 12.00
# Visual Studio Version 16
VisualStudioVersion = 16.0.30615.102
MinimumVisualStudioVersion = 10.0.40219.1
Project("{9A19103F-16F7-4668-BE54-9A1E7A4F7556}") = "Core", "Core\Core.csproj", "{7AB412CB-1F1F-4449-9D51-A66E200F6248}"
EndProject
Project("{9A19103F-16F7-4668-BE54-9A1E7A4F7556}") = "Compiler", "Compiler\Compiler.csproj", "{A509F5AB-5702-49EC-9B7F-09E8F24FC542}"
EndProject
Project("{9A19103F-16F7-4668-BE54-9A1E7A4F7556}") = "Repl", "Repl\Repl.csproj", "{55D1BCCA-9580-4360-8691-959860F1DDDF}"
EndProject
Project("{9A19103F-16F7-4668-BE54-9A1E7A4F7556}") = "Tests", "Tests\Tests.csproj", "{3A8BEDA0-89AD-419D-A0A3-9252FD1AD6A5}"
EndProject
Global
	GlobalSection(SolutionConfigurationPlatforms) = preSolution
		Debug|Any CPU = Debug|Any CPU
		Debug|x64 = Debug|x64
		Linux-Debug|Any CPU = Linux-Debug|Any CPU
		Linux-Debug|x64 = Linux-Debug|x64
		Linux-Release|Any CPU = Linux-Release|Any CPU
		Linux-Release|x64 = Linux-Release|x64
		macOS-Debug|Any CPU = macOS-Debug|Any CPU
		macOS-Debug|x64 = macOS-Debug|x64
		macOS-Release|Any CPU = macOS-Release|Any CPU
		macOS-Release|x64 = macOS-Release|x64
		Release|Any CPU = Release|Any CPU
		Release|x64 = Release|x64
		Windows-Debug|Any CPU = Windows-Debug|Any CPU
		Windows-Debug|x64 = Windows-Debug|x64
		Windows-Release|Any CPU = Windows-Release|Any CPU
		Windows-Release|x64 = Windows-Release|x64
	EndGlobalSection
	GlobalSection(ProjectConfigurationPlatforms) = postSolution
		{7AB412CB-1F1F-4449-9D51-A66E200F6248}.Debug|Any CPU.ActiveCfg = Debug|Any CPU
		{7AB412CB-1F1F-4449-9D51-A66E200F6248}.Debug|Any CPU.Build.0 = Debug|Any CPU
		{7AB412CB-1F1F-4449-9D51-A66E200F6248}.Debug|x64.ActiveCfg = Debug|x64
		{7AB412CB-1F1F-4449-9D51-A66E200F6248}.Debug|x64.Build.0 = Debug|x64
		{7AB412CB-1F1F-4449-9D51-A66E200F6248}.Linux-Debug|Any CPU.ActiveCfg = Debug|Any CPU
		{7AB412CB-1F1F-4449-9D51-A66E200F6248}.Linux-Debug|Any CPU.Build.0 = Debug|Any CPU
		{7AB412CB-1F1F-4449-9D51-A66E200F6248}.Linux-Debug|x64.ActiveCfg = Debug|x64
		{7AB412CB-1F1F-4449-9D51-A66E200F6248}.Linux-Debug|x64.Build.0 = Debug|x64
		{7AB412CB-1F1F-4449-9D51-A66E200F6248}.Linux-Release|Any CPU.ActiveCfg = Release|Any CPU
		{7AB412CB-1F1F-4449-9D51-A66E200F6248}.Linux-Release|Any CPU.Build.0 = Release|Any CPU
		{7AB412CB-1F1F-4449-9D51-A66E200F6248}.Linux-Release|x64.ActiveCfg = Release|x64
		{7AB412CB-1F1F-4449-9D51-A66E200F6248}.macOS-Debug|Any CPU.ActiveCfg = Debug|Any CPU
		{7AB412CB-1F1F-4449-9D51-A66E200F6248}.macOS-Debug|Any CPU.Build.0 = Debug|Any CPU
		{7AB412CB-1F1F-4449-9D51-A66E200F6248}.macOS-Debug|x64.ActiveCfg = Debug|x64
		{7AB412CB-1F1F-4449-9D51-A66E200F6248}.macOS-Debug|x64.Build.0 = Debug|x64
		{7AB412CB-1F1F-4449-9D51-A66E200F6248}.macOS-Release|Any CPU.ActiveCfg = Release|Any CPU
		{7AB412CB-1F1F-4449-9D51-A66E200F6248}.macOS-Release|Any CPU.Build.0 = Release|Any CPU
		{7AB412CB-1F1F-4449-9D51-A66E200F6248}.macOS-Release|x64.ActiveCfg = Release|x64
		{7AB412CB-1F1F-4449-9D51-A66E200F6248}.macOS-Release|x64.Build.0 = Release|x64
		{7AB412CB-1F1F-4449-9D51-A66E200F6248}.Release|Any CPU.ActiveCfg = Release|Any CPU
		{7AB412CB-1F1F-4449-9D51-A66E200F6248}.Release|Any CPU.Build.0 = Release|Any CPU
		{7AB412CB-1F1F-4449-9D51-A66E200F6248}.Release|x64.ActiveCfg = Release|x64
		{7AB412CB-1F1F-4449-9D51-A66E200F6248}.Release|x64.Build.0 = Release|x64
		{7AB412CB-1F1F-4449-9D51-A66E200F6248}.Windows-Debug|Any CPU.ActiveCfg = Debug|Any CPU
		{7AB412CB-1F1F-4449-9D51-A66E200F6248}.Windows-Debug|Any CPU.Build.0 = Debug|Any CPU
		{7AB412CB-1F1F-4449-9D51-A66E200F6248}.Windows-Debug|x64.ActiveCfg = Debug|x64
		{7AB412CB-1F1F-4449-9D51-A66E200F6248}.Windows-Debug|x64.Build.0 = Debug|x64
		{7AB412CB-1F1F-4449-9D51-A66E200F6248}.Windows-Release|Any CPU.ActiveCfg = Release|Any CPU
		{7AB412CB-1F1F-4449-9D51-A66E200F6248}.Windows-Release|Any CPU.Build.0 = Release|Any CPU
		{7AB412CB-1F1F-4449-9D51-A66E200F6248}.Windows-Release|x64.ActiveCfg = Release|x64
		{7AB412CB-1F1F-4449-9D51-A66E200F6248}.Windows-Release|x64.Build.0 = Release|x64
		{A509F5AB-5702-49EC-9B7F-09E8F24FC542}.Debug|Any CPU.ActiveCfg = Windows-Release|x64
		{A509F5AB-5702-49EC-9B7F-09E8F24FC542}.Debug|Any CPU.Build.0 = Windows-Release|x64
		{A509F5AB-5702-49EC-9B7F-09E8F24FC542}.Debug|x64.ActiveCfg = Windows-Debug|x64
		{A509F5AB-5702-49EC-9B7F-09E8F24FC542}.Debug|x64.Build.0 = Windows-Debug|x64
		{A509F5AB-5702-49EC-9B7F-09E8F24FC542}.Linux-Debug|Any CPU.ActiveCfg = Linux-Debug|x64
		{A509F5AB-5702-49EC-9B7F-09E8F24FC542}.Linux-Debug|x64.ActiveCfg = Linux-Debug|x64
		{A509F5AB-5702-49EC-9B7F-09E8F24FC542}.Linux-Debug|x64.Build.0 = Linux-Debug|x64
		{A509F5AB-5702-49EC-9B7F-09E8F24FC542}.Linux-Release|Any CPU.ActiveCfg = Linux-Release|x64
		{A509F5AB-5702-49EC-9B7F-09E8F24FC542}.Linux-Release|x64.ActiveCfg = Linux-Release|x64
		{A509F5AB-5702-49EC-9B7F-09E8F24FC542}.Linux-Release|x64.Build.0 = Linux-Release|x64
		{A509F5AB-5702-49EC-9B7F-09E8F24FC542}.macOS-Debug|Any CPU.ActiveCfg = macOS-Debug|x64
		{A509F5AB-5702-49EC-9B7F-09E8F24FC542}.macOS-Debug|x64.ActiveCfg = macOS-Debug|x64
		{A509F5AB-5702-49EC-9B7F-09E8F24FC542}.macOS-Debug|x64.Build.0 = macOS-Debug|x64
		{A509F5AB-5702-49EC-9B7F-09E8F24FC542}.macOS-Release|Any CPU.ActiveCfg = macOS-Release|x64
		{A509F5AB-5702-49EC-9B7F-09E8F24FC542}.macOS-Release|x64.ActiveCfg = macOS-Release|x64
		{A509F5AB-5702-49EC-9B7F-09E8F24FC542}.macOS-Release|x64.Build.0 = macOS-Release|x64
		{A509F5AB-5702-49EC-9B7F-09E8F24FC542}.Release|Any CPU.ActiveCfg = Windows-Release|x64
		{A509F5AB-5702-49EC-9B7F-09E8F24FC542}.Release|Any CPU.Build.0 = Windows-Release|x64
		{A509F5AB-5702-49EC-9B7F-09E8F24FC542}.Release|x64.ActiveCfg = Windows-Release|x64
		{A509F5AB-5702-49EC-9B7F-09E8F24FC542}.Release|x64.Build.0 = Windows-Release|x64
		{A509F5AB-5702-49EC-9B7F-09E8F24FC542}.Windows-Debug|Any CPU.ActiveCfg = Windows-Debug|x64
		{A509F5AB-5702-49EC-9B7F-09E8F24FC542}.Windows-Debug|x64.ActiveCfg = Windows-Debug|x64
		{A509F5AB-5702-49EC-9B7F-09E8F24FC542}.Windows-Debug|x64.Build.0 = Windows-Debug|x64
		{A509F5AB-5702-49EC-9B7F-09E8F24FC542}.Windows-Release|Any CPU.ActiveCfg = Windows-Release|x64
		{A509F5AB-5702-49EC-9B7F-09E8F24FC542}.Windows-Release|x64.ActiveCfg = Windows-Release|x64
		{A509F5AB-5702-49EC-9B7F-09E8F24FC542}.Windows-Release|x64.Build.0 = Windows-Release|x64
		{55D1BCCA-9580-4360-8691-959860F1DDDF}.Debug|Any CPU.ActiveCfg = Debug|Any CPU
		{55D1BCCA-9580-4360-8691-959860F1DDDF}.Debug|Any CPU.Build.0 = Debug|Any CPU
		{55D1BCCA-9580-4360-8691-959860F1DDDF}.Debug|x64.ActiveCfg = Debug|Any CPU
		{55D1BCCA-9580-4360-8691-959860F1DDDF}.Debug|x64.Build.0 = Debug|Any CPU
		{55D1BCCA-9580-4360-8691-959860F1DDDF}.Linux-Debug|Any CPU.ActiveCfg = Debug|Any CPU
		{55D1BCCA-9580-4360-8691-959860F1DDDF}.Linux-Debug|Any CPU.Build.0 = Debug|Any CPU
		{55D1BCCA-9580-4360-8691-959860F1DDDF}.Linux-Debug|x64.ActiveCfg = Debug|Any CPU
		{55D1BCCA-9580-4360-8691-959860F1DDDF}.Linux-Debug|x64.Build.0 = Debug|Any CPU
		{55D1BCCA-9580-4360-8691-959860F1DDDF}.Linux-Release|Any CPU.ActiveCfg = Release|Any CPU
		{55D1BCCA-9580-4360-8691-959860F1DDDF}.Linux-Release|Any CPU.Build.0 = Release|Any CPU
		{55D1BCCA-9580-4360-8691-959860F1DDDF}.Linux-Release|x64.ActiveCfg = Release|Any CPU
		{55D1BCCA-9580-4360-8691-959860F1DDDF}.Linux-Release|x64.Build.0 = Release|Any CPU
		{55D1BCCA-9580-4360-8691-959860F1DDDF}.macOS-Debug|Any CPU.ActiveCfg = Debug|Any CPU
		{55D1BCCA-9580-4360-8691-959860F1DDDF}.macOS-Debug|Any CPU.Build.0 = Debug|Any CPU
		{55D1BCCA-9580-4360-8691-959860F1DDDF}.macOS-Debug|x64.ActiveCfg = Debug|Any CPU
		{55D1BCCA-9580-4360-8691-959860F1DDDF}.macOS-Debug|x64.Build.0 = Debug|Any CPU
		{55D1BCCA-9580-4360-8691-959860F1DDDF}.macOS-Release|Any CPU.ActiveCfg = Release|Any CPU
		{55D1BCCA-9580-4360-8691-959860F1DDDF}.macOS-Release|Any CPU.Build.0 = Release|Any CPU
		{55D1BCCA-9580-4360-8691-959860F1DDDF}.macOS-Release|x64.ActiveCfg = Release|Any CPU
		{55D1BCCA-9580-4360-8691-959860F1DDDF}.macOS-Release|x64.Build.0 = Release|Any CPU
		{55D1BCCA-9580-4360-8691-959860F1DDDF}.Release|Any CPU.ActiveCfg = Release|Any CPU
		{55D1BCCA-9580-4360-8691-959860F1DDDF}.Release|Any CPU.Build.0 = Release|Any CPU
		{55D1BCCA-9580-4360-8691-959860F1DDDF}.Release|x64.ActiveCfg = Release|Any CPU
		{55D1BCCA-9580-4360-8691-959860F1DDDF}.Release|x64.Build.0 = Release|Any CPU
		{55D1BCCA-9580-4360-8691-959860F1DDDF}.Windows-Debug|Any CPU.ActiveCfg = Debug|Any CPU
		{55D1BCCA-9580-4360-8691-959860F1DDDF}.Windows-Debug|Any CPU.Build.0 = Debug|Any CPU
		{55D1BCCA-9580-4360-8691-959860F1DDDF}.Windows-Debug|x64.ActiveCfg = Debug|Any CPU
		{55D1BCCA-9580-4360-8691-959860F1DDDF}.Windows-Debug|x64.Build.0 = Debug|Any CPU
		{55D1BCCA-9580-4360-8691-959860F1DDDF}.Windows-Release|Any CPU.ActiveCfg = Release|Any CPU
		{55D1BCCA-9580-4360-8691-959860F1DDDF}.Windows-Release|Any CPU.Build.0 = Release|Any CPU
		{55D1BCCA-9580-4360-8691-959860F1DDDF}.Windows-Release|x64.ActiveCfg = Release|Any CPU
		{55D1BCCA-9580-4360-8691-959860F1DDDF}.Windows-Release|x64.Build.0 = Release|Any CPU
		{3A8BEDA0-89AD-419D-A0A3-9252FD1AD6A5}.Debug|Any CPU.ActiveCfg = Debug|x64
		{3A8BEDA0-89AD-419D-A0A3-9252FD1AD6A5}.Debug|x64.ActiveCfg = Debug|x64
		{3A8BEDA0-89AD-419D-A0A3-9252FD1AD6A5}.Linux-Debug|Any CPU.ActiveCfg = Debug|x64
		{3A8BEDA0-89AD-419D-A0A3-9252FD1AD6A5}.Linux-Debug|x64.ActiveCfg = Debug|x64
		{3A8BEDA0-89AD-419D-A0A3-9252FD1AD6A5}.Linux-Release|Any CPU.ActiveCfg = Debug|x64
		{3A8BEDA0-89AD-419D-A0A3-9252FD1AD6A5}.Linux-Release|x64.ActiveCfg = Release|x64
		{3A8BEDA0-89AD-419D-A0A3-9252FD1AD6A5}.macOS-Debug|Any CPU.ActiveCfg = Debug|x64
		{3A8BEDA0-89AD-419D-A0A3-9252FD1AD6A5}.macOS-Debug|x64.ActiveCfg = Debug|x64
		{3A8BEDA0-89AD-419D-A0A3-9252FD1AD6A5}.macOS-Release|Any CPU.ActiveCfg = Debug|x64
		{3A8BEDA0-89AD-419D-A0A3-9252FD1AD6A5}.macOS-Release|x64.ActiveCfg = Release|x64
		{3A8BEDA0-89AD-419D-A0A3-9252FD1AD6A5}.Release|Any CPU.ActiveCfg = Release|x64
		{3A8BEDA0-89AD-419D-A0A3-9252FD1AD6A5}.Release|x64.ActiveCfg = Release|x64
		{3A8BEDA0-89AD-419D-A0A3-9252FD1AD6A5}.Windows-Debug|Any CPU.ActiveCfg = Debug|x64
		{3A8BEDA0-89AD-419D-A0A3-9252FD1AD6A5}.Windows-Debug|x64.ActiveCfg = Debug|x64
		{3A8BEDA0-89AD-419D-A0A3-9252FD1AD6A5}.Windows-Debug|x64.Build.0 = Debug|x64
		{3A8BEDA0-89AD-419D-A0A3-9252FD1AD6A5}.Windows-Release|Any CPU.ActiveCfg = Debug|x64
		{3A8BEDA0-89AD-419D-A0A3-9252FD1AD6A5}.Windows-Release|x64.ActiveCfg = Release|x64
	EndGlobalSection
	GlobalSection(SolutionProperties) = preSolution
		HideSolutionNode = FALSE
	EndGlobalSection
	GlobalSection(ExtensibilityGlobals) = postSolution
		SolutionGuid = {FFCFDD71-B4B2-4DC2-92BA-F62E71DFF5BF}
	EndGlobalSection
	GlobalSection(MonoDevelopProperties) = preSolution
		Policies = $0
		$0.DotNetNamingPolicy = $1
		$1.DirectoryNamespaceAssociation = PrefixedHierarchical
		$0.TextStylePolicy = $2
		$2.inheritsSet = null
		$2.scope = text/x-csharp
		$0.CSharpFormattingPolicy = $3
		$3.scope = text/x-csharp
	EndGlobalSection
EndGlobal
