
Microsoft Visual Studio Solution File, Format Version 12.00
# Visual Studio Version 16
VisualStudioVersion = 16.0.29728.190
MinimumVisualStudioVersion = 10.0.40219.1
Project("{FAE04EC0-301F-11D3-BF4B-00C04F79EFBC}") = "Compiler", "Compiler\Compiler.csproj", "{16A07C84-CEA4-4E18-89C1-8AD395E73255}"
EndProject
Global
	GlobalSection(SolutionConfigurationPlatforms) = preSolution
		Debug|Any CPU = Debug|Any CPU
		Release|Any CPU = Release|Any CPU
	EndGlobalSection
	GlobalSection(ProjectConfigurationPlatforms) = postSolution
		{16A07C84-CEA4-4E18-89C1-8AD395E73255}.Debug|Any CPU.ActiveCfg = Debug|Any CPU
		{16A07C84-CEA4-4E18-89C1-8AD395E73255}.Debug|Any CPU.Build.0 = Debug|Any CPU
		{16A07C84-CEA4-4E18-89C1-8AD395E73255}.Release|Any CPU.ActiveCfg = Release|Any CPU
		{16A07C84-CEA4-4E18-89C1-8AD395E73255}.Release|Any CPU.Build.0 = Release|Any CPU
	EndGlobalSection
	GlobalSection(SolutionProperties) = preSolution
		HideSolutionNode = FALSE
	EndGlobalSection
	GlobalSection(ExtensibilityGlobals) = postSolution
		SolutionGuid = {4BFFFAFB-8542-47DA-871A-3D99EC63877D}
	EndGlobalSection
EndGlobal
